# This file is autogenerated, do not edit; changes may be undone by the next 'dep ensure'.


[[projects]]
  name = "github.com/sirupsen/logrus"
  packages = ["."]
  revision = "3e01752db0189b9157070a0e1668a620f9a85da2"
  version = "v1.0.6"

[[projects]]
  branch = "master"
  name = "golang.org/x/crypto"
  packages = ["ssh/terminal"]
  revision = "0709b304e793a5edb4a2c0145f281ecdc20838a4"

[[projects]]
  branch = "master"
  name = "golang.org/x/sys"
  packages = ["unix","windows"]
  revision = "8cf3aee429924738c56c34bb819c4ea8273fc434"

[solve-meta]
  analyzer-name = "dep"
  analyzer-version = 1
  inputs-digest = "d5f1c34ef33db1a8fcdf0630101590c64eda4076248f149b85d8a27de374029e"
  solver-name = "gps-cdcl"
  solver-version = 1
