# This file is autogenerated, do not edit; changes may be undone by the next 'dep ensure'.


[[projects]]
  name = "github.com/sirupsen/logrus"
  packages = ["."]
  revision = "3e01752db0189b9157070a0e1668a620f9a85da2"
  version = "v1.0.6"

[[projects]]
  branch = "master"
  name = "golang.org/x/crypto"
  packages = ["ssh/terminal"]
  revision = "0709b304e793a5edb4a2c0145f281ecdc20838a4"

[[projects]]
  branch = "master"
  name = "golang.org/x/sys"
  packages = ["unix","windows"]
  revision = "8cf3aee429924738c56c34bb819c4ea8273fc434"

[[projects]]
  name = "gopkg.in/yaml.v2"
  packages = ["."]
  revision = "5420a8b6744d3b0345ab293f6fcba19c978f1183"
  version = "v2.2.1"

[solve-meta]
  analyzer-name = "dep"
  analyzer-version = 1
  inputs-digest = "327b4cf9489ff786b0dfd605bc2e40f1fcfb15d0b2b202be23d6c0f2d59d672a"
  solver-name = "gps-cdcl"
  solver-version = 1
