# This file is autogenerated, do not edit; changes may be undone by the next 'dep ensure'.


[[projects]]
  digest = "1:3fcbf733a8d810a21265a7f2fe08a3353db2407da052b233f8b204b5afc03d9b"
  name = "github.com/sirupsen/logrus"
  packages = ["."]
  pruneopts = ""
  revision = "3e01752db0189b9157070a0e1668a620f9a85da2"
  version = "v1.0.6"

[[projects]]
  branch = "master"
  digest = "1:b2d8b39397ca07929a3de3a3fd2b6ca4c8d48e9cadaa7cf2b083e27fd9e78107"
  name = "golang.org/x/crypto"
  packages = ["ssh/terminal"]
  pruneopts = ""
  revision = "0709b304e793a5edb4a2c0145f281ecdc20838a4"

[[projects]]
  branch = "master"
  digest = "1:6aa9d6311161f9ba8e84ec8d7d13ac5a7ee73c246cb6f7a62b7ffb7b695da280"
  name = "golang.org/x/sys"
  packages = [
    "unix",
    "windows",
  ]
  pruneopts = ""
  revision = "8cf3aee429924738c56c34bb819c4ea8273fc434"

[[projects]]
  digest = "1:f0620375dd1f6251d9973b5f2596228cc8042e887cd7f827e4220bc1ce8c30e2"
  name = "gopkg.in/yaml.v2"
  packages = ["."]
  pruneopts = ""
  revision = "5420a8b6744d3b0345ab293f6fcba19c978f1183"
  version = "v2.2.1"

[solve-meta]
  analyzer-name = "dep"
  analyzer-version = 1
  input-imports = [
    "github.com/sirupsen/logrus",
    "gopkg.in/yaml.v2",
  ]
  solver-name = "gps-cdcl"
  solver-version = 1
